[[package]]
name = "aerleon"
version = "0.0.0"
description = "A firewall generation tool"
category = "main"
optional = false
python-versions = ">=3.6"

[metadata]
lock-version = "1.1"
python-versions = "^3.7"
content-hash = "d2ae6d355efe01062856d8f976a9cbd440917f797fc3fc593710709c350c3583"

[metadata.files]
aerleon = [
    {file = "aerleon-0.0.0-py3-none-any.whl", hash = "sha256:887212defbb6bd882066b3006c3b6a8da9e3f54ad242a9211b1fedc67c1c83f3"},
]
